
Microsoft Visual Studio Solution File, Format Version 12.00
# Visual Studio Version 17
VisualStudioVersion = 17.7.34031.279
MinimumVisualStudioVersion = 10.0.40219.1
Project("{9A19103F-16F7-4668-BE54-9A1E7A4F7556}") = "FactoryConsoleProgramm", "FactoryConsoleProgramm\FactoryConsoleProgramm.csproj", "{579653A7-6A53-4EAF-91B1-2F292C0BF7C2}"
EndProject
Project("{FAE04EC0-301F-11D3-BF4B-00C04F79EFBC}") = "DealsProgramm", "DealsProgramm\DealsProgramm.csproj", "{8FBD67FC-E5D9-4583-8355-9753EC7192F2}"
EndProject
Global
	GlobalSection(SolutionConfigurationPlatforms) = preSolution
		Debug|Any CPU = Debug|Any CPU
		Release|Any CPU = Release|Any CPU
	EndGlobalSection
	GlobalSection(ProjectConfigurationPlatforms) = postSolution
		{579653A7-6A53-4EAF-91B1-2F292C0BF7C2}.Debug|Any CPU.ActiveCfg = Debug|Any CPU
		{579653A7-6A53-4EAF-91B1-2F292C0BF7C2}.Debug|Any CPU.Build.0 = Debug|Any CPU
		{579653A7-6A53-4EAF-91B1-2F292C0BF7C2}.Release|Any CPU.ActiveCfg = Release|Any CPU
		{579653A7-6A53-4EAF-91B1-2F292C0BF7C2}.Release|Any CPU.Build.0 = Release|Any CPU
		{8FBD67FC-E5D9-4583-8355-9753EC7192F2}.Debug|Any CPU.ActiveCfg = Debug|Any CPU
		{8FBD67FC-E5D9-4583-8355-9753EC7192F2}.Debug|Any CPU.Build.0 = Debug|Any CPU
		{8FBD67FC-E5D9-4583-8355-9753EC7192F2}.Release|Any CPU.ActiveCfg = Release|Any CPU
		{8FBD67FC-E5D9-4583-8355-9753EC7192F2}.Release|Any CPU.Build.0 = Release|Any CPU
	EndGlobalSection
	GlobalSection(SolutionProperties) = preSolution
		HideSolutionNode = FALSE
	EndGlobalSection
	GlobalSection(ExtensibilityGlobals) = postSolution
		SolutionGuid = {437EEA4E-E917-4DA6-9685-5240DA94AA85}
	EndGlobalSection
EndGlobal
